// !$*UTF8*$!
{
	archiveVersion = 1;
	classes = {
	};
	objectVersion = 55;
	objects = {

/* Begin PBXBuildFile section */
		2C5CAD67CCD59F6F7F1D119E /* Pods_overload.framework in Frameworks */ = {isa = PBXBuildFile; fileRef = F5EF6F6115543435CE8070E8 /* Pods_overload.framework */; };
		E80C10EE27B69974009CEE52 /* LogWriteController.swift in Sources */ = {isa = PBXBuildFile; fileRef = E80C10ED27B69974009CEE52 /* LogWriteController.swift */; };
		E80C10F027B699EE009CEE52 /* LogReadController.swift in Sources */ = {isa = PBXBuildFile; fileRef = E80C10EF27B699EE009CEE52 /* LogReadController.swift */; };
		E80C10F327B6D3FD009CEE52 /* UIImage+Extention.swift in Sources */ = {isa = PBXBuildFile; fileRef = E80C10F227B6D3FD009CEE52 /* UIImage+Extention.swift */; };
		E80C10F527B6D4B9009CEE52 /* Color.swift in Sources */ = {isa = PBXBuildFile; fileRef = E80C10F427B6D4B9009CEE52 /* Color.swift */; };
		E80C10F827B6D89C009CEE52 /* Observable+Operators.swift in Sources */ = {isa = PBXBuildFile; fileRef = E80C10F727B6D89C009CEE52 /* Observable+Operators.swift */; };
		E80C10FB27B6DAD1009CEE52 /* Configs.swift in Sources */ = {isa = PBXBuildFile; fileRef = E80C10FA27B6DAD1009CEE52 /* Configs.swift */; };
		E80C10FE27B6DCB2009CEE52 /* NavigationController.swift in Sources */ = {isa = PBXBuildFile; fileRef = E80C10FD27B6DCB2009CEE52 /* NavigationController.swift */; };
		E80C110027B6E120009CEE52 /* LogWriteViewModel.swift in Sources */ = {isa = PBXBuildFile; fileRef = E80C10FF27B6E120009CEE52 /* LogWriteViewModel.swift */; };
		E80C110227B6E12B009CEE52 /* LogReadViewModel.swift in Sources */ = {isa = PBXBuildFile; fileRef = E80C110127B6E12B009CEE52 /* LogReadViewModel.swift */; };
		E80C110527B6E674009CEE52 /* R.generated.swift in Sources */ = {isa = PBXBuildFile; fileRef = E80C110427B6E674009CEE52 /* R.generated.swift */; };
		E80C110727B6E77F009CEE52 /* Icons.xcassets in Resources */ = {isa = PBXBuildFile; fileRef = E80C110627B6E77F009CEE52 /* Icons.xcassets */; };
		E8B075A327B4095E004127BC /* AppDelegate.swift in Sources */ = {isa = PBXBuildFile; fileRef = E8B075A227B4095E004127BC /* AppDelegate.swift */; };
		E8B075A727B4095E004127BC /* ViewController.swift in Sources */ = {isa = PBXBuildFile; fileRef = E8B075A627B4095E004127BC /* ViewController.swift */; };
		E8B075AC27B40960004127BC /* Assets.xcassets in Resources */ = {isa = PBXBuildFile; fileRef = E8B075AB27B40960004127BC /* Assets.xcassets */; };
		E8B075AF27B40960004127BC /* LaunchScreen.storyboard in Resources */ = {isa = PBXBuildFile; fileRef = E8B075AD27B40960004127BC /* LaunchScreen.storyboard */; };
		E8B075B827B41432004127BC /* Navigator.swift in Sources */ = {isa = PBXBuildFile; fileRef = E8B075B727B41432004127BC /* Navigator.swift */; };
		E8B075BC27B41532004127BC /* TabBarViewModel.swift in Sources */ = {isa = PBXBuildFile; fileRef = E8B075BB27B41532004127BC /* TabBarViewModel.swift */; };
		E8B075BF27B41582004127BC /* ViewModelType.swift in Sources */ = {isa = PBXBuildFile; fileRef = E8B075BE27B41582004127BC /* ViewModelType.swift */; };
		E8D3B0FD27B534D000071D3E /* TableBarController.swift in Sources */ = {isa = PBXBuildFile; fileRef = E8D3B0FC27B534D000071D3E /* TableBarController.swift */; };
		E8DBB55427B514730044F29C /* Application.swift in Sources */ = {isa = PBXBuildFile; fileRef = E8DBB55327B514730044F29C /* Application.swift */; };
/* End PBXBuildFile section */

/* Begin PBXFileReference section */
		02EFBD7EE5471CFEF6B3579C /* Pods-overload.debug.xcconfig */ = {isa = PBXFileReference; includeInIndex = 1; lastKnownFileType = text.xcconfig; name = "Pods-overload.debug.xcconfig"; path = "Target Support Files/Pods-overload/Pods-overload.debug.xcconfig"; sourceTree = "<group>"; };
		2152392C060FADAA70C84650 /* Pods-overload.release.xcconfig */ = {isa = PBXFileReference; includeInIndex = 1; lastKnownFileType = text.xcconfig; name = "Pods-overload.release.xcconfig"; path = "Target Support Files/Pods-overload/Pods-overload.release.xcconfig"; sourceTree = "<group>"; };
		E80C10ED27B69974009CEE52 /* LogWriteController.swift */ = {isa = PBXFileReference; lastKnownFileType = sourcecode.swift; path = LogWriteController.swift; sourceTree = "<group>"; };
		E80C10EF27B699EE009CEE52 /* LogReadController.swift */ = {isa = PBXFileReference; lastKnownFileType = sourcecode.swift; path = LogReadController.swift; sourceTree = "<group>"; };
		E80C10F227B6D3FD009CEE52 /* UIImage+Extention.swift */ = {isa = PBXFileReference; lastKnownFileType = sourcecode.swift; path = "UIImage+Extention.swift"; sourceTree = "<group>"; };
		E80C10F427B6D4B9009CEE52 /* Color.swift */ = {isa = PBXFileReference; lastKnownFileType = sourcecode.swift; path = Color.swift; sourceTree = "<group>"; };
		E80C10F727B6D89C009CEE52 /* Observable+Operators.swift */ = {isa = PBXFileReference; lastKnownFileType = sourcecode.swift; path = "Observable+Operators.swift"; sourceTree = "<group>"; };
		E80C10FA27B6DAD1009CEE52 /* Configs.swift */ = {isa = PBXFileReference; lastKnownFileType = sourcecode.swift; path = Configs.swift; sourceTree = "<group>"; };
		E80C10FD27B6DCB2009CEE52 /* NavigationController.swift */ = {isa = PBXFileReference; lastKnownFileType = sourcecode.swift; path = NavigationController.swift; sourceTree = "<group>"; };
		E80C10FF27B6E120009CEE52 /* LogWriteViewModel.swift */ = {isa = PBXFileReference; lastKnownFileType = sourcecode.swift; path = LogWriteViewModel.swift; sourceTree = "<group>"; };
		E80C110127B6E12B009CEE52 /* LogReadViewModel.swift */ = {isa = PBXFileReference; lastKnownFileType = sourcecode.swift; path = LogReadViewModel.swift; sourceTree = "<group>"; };
		E80C110427B6E674009CEE52 /* R.generated.swift */ = {isa = PBXFileReference; lastKnownFileType = sourcecode.swift; path = R.generated.swift; sourceTree = "<group>"; };
		E80C110627B6E77F009CEE52 /* Icons.xcassets */ = {isa = PBXFileReference; lastKnownFileType = folder.assetcatalog; path = Icons.xcassets; sourceTree = "<group>"; };
		E8B0759F27B4095E004127BC /* overload.app */ = {isa = PBXFileReference; explicitFileType = wrapper.application; includeInIndex = 0; path = overload.app; sourceTree = BUILT_PRODUCTS_DIR; };
		E8B075A227B4095E004127BC /* AppDelegate.swift */ = {isa = PBXFileReference; lastKnownFileType = sourcecode.swift; path = AppDelegate.swift; sourceTree = "<group>"; };
		E8B075A627B4095E004127BC /* ViewController.swift */ = {isa = PBXFileReference; lastKnownFileType = sourcecode.swift; path = ViewController.swift; sourceTree = "<group>"; };
		E8B075AB27B40960004127BC /* Assets.xcassets */ = {isa = PBXFileReference; lastKnownFileType = folder.assetcatalog; path = Assets.xcassets; sourceTree = "<group>"; };
		E8B075AE27B40960004127BC /* Base */ = {isa = PBXFileReference; lastKnownFileType = file.storyboard; name = Base; path = Base.lproj/LaunchScreen.storyboard; sourceTree = "<group>"; };
		E8B075B027B40960004127BC /* Info.plist */ = {isa = PBXFileReference; lastKnownFileType = text.plist.xml; path = Info.plist; sourceTree = "<group>"; };
		E8B075B727B41432004127BC /* Navigator.swift */ = {isa = PBXFileReference; lastKnownFileType = sourcecode.swift; path = Navigator.swift; sourceTree = "<group>"; };
		E8B075BB27B41532004127BC /* TabBarViewModel.swift */ = {isa = PBXFileReference; lastKnownFileType = sourcecode.swift; path = TabBarViewModel.swift; sourceTree = "<group>"; };
		E8B075BE27B41582004127BC /* ViewModelType.swift */ = {isa = PBXFileReference; lastKnownFileType = sourcecode.swift; path = ViewModelType.swift; sourceTree = "<group>"; };
		E8D3B0FC27B534D000071D3E /* TableBarController.swift */ = {isa = PBXFileReference; lastKnownFileType = sourcecode.swift; path = TableBarController.swift; sourceTree = "<group>"; };
		E8DBB55327B514730044F29C /* Application.swift */ = {isa = PBXFileReference; lastKnownFileType = sourcecode.swift; path = Application.swift; sourceTree = "<group>"; };
		F5EF6F6115543435CE8070E8 /* Pods_overload.framework */ = {isa = PBXFileReference; explicitFileType = wrapper.framework; includeInIndex = 0; path = Pods_overload.framework; sourceTree = BUILT_PRODUCTS_DIR; };
/* End PBXFileReference section */

/* Begin PBXFrameworksBuildPhase section */
		E8B0759C27B4095E004127BC /* Frameworks */ = {
			isa = PBXFrameworksBuildPhase;
			buildActionMask = 2147483647;
			files = (
				2C5CAD67CCD59F6F7F1D119E /* Pods_overload.framework in Frameworks */,
			);
			runOnlyForDeploymentPostprocessing = 0;
		};
/* End PBXFrameworksBuildPhase section */

/* Begin PBXGroup section */
		60BC97EDE1EC14CC1787F484 /* Frameworks */ = {
			isa = PBXGroup;
			children = (
				F5EF6F6115543435CE8070E8 /* Pods_overload.framework */,
			);
			name = Frameworks;
			sourceTree = "<group>";
		};
		71EAC478F56DDC056406CC48 /* Pods */ = {
			isa = PBXGroup;
			children = (
				02EFBD7EE5471CFEF6B3579C /* Pods-overload.debug.xcconfig */,
				2152392C060FADAA70C84650 /* Pods-overload.release.xcconfig */,
			);
			path = Pods;
			sourceTree = "<group>";
		};
		E80C10EB27B69840009CEE52 /* LogRead */ = {
			isa = PBXGroup;
			children = (
				E80C10EF27B699EE009CEE52 /* LogReadController.swift */,
				E80C110127B6E12B009CEE52 /* LogReadViewModel.swift */,
			);
			path = LogRead;
			sourceTree = "<group>";
		};
		E80C10EC27B6986A009CEE52 /* LogWrite */ = {
			isa = PBXGroup;
			children = (
				E80C10ED27B69974009CEE52 /* LogWriteController.swift */,
				E80C10FF27B6E120009CEE52 /* LogWriteViewModel.swift */,
			);
			path = LogWrite;
			sourceTree = "<group>";
		};
		E80C10F127B6D3CC009CEE52 /* Extension */ = {
			isa = PBXGroup;
			children = (
				E80C10F627B6D889009CEE52 /* RxSwift */,
				E80C10F227B6D3FD009CEE52 /* UIImage+Extention.swift */,
				E80C10F427B6D4B9009CEE52 /* Color.swift */,
			);
			path = Extension;
			sourceTree = "<group>";
		};
		E80C10F627B6D889009CEE52 /* RxSwift */ = {
			isa = PBXGroup;
			children = (
				E80C10F727B6D89C009CEE52 /* Observable+Operators.swift */,
			);
			path = RxSwift;
			sourceTree = "<group>";
		};
		E80C10F927B6DAB9009CEE52 /* Configs */ = {
			isa = PBXGroup;
			children = (
				E80C10FA27B6DAD1009CEE52 /* Configs.swift */,
			);
			path = Configs;
			sourceTree = "<group>";
		};
		E80C110327B6E660009CEE52 /* Resources */ = {
			isa = PBXGroup;
			children = (
				E80C110427B6E674009CEE52 /* R.generated.swift */,
			);
			path = Resources;
			sourceTree = "<group>";
		};
		E8B0759627B4095E004127BC = {
			isa = PBXGroup;
			children = (
				E8B075A127B4095E004127BC /* overload */,
				E8B075A027B4095E004127BC /* Products */,
				71EAC478F56DDC056406CC48 /* Pods */,
				60BC97EDE1EC14CC1787F484 /* Frameworks */,
			);
			sourceTree = "<group>";
		};
		E8B075A027B4095E004127BC /* Products */ = {
			isa = PBXGroup;
			children = (
				E8B0759F27B4095E004127BC /* overload.app */,
			);
			name = Products;
			sourceTree = "<group>";
		};
		E8B075A127B4095E004127BC /* overload */ = {
			isa = PBXGroup;
			children = (
				E80C110327B6E660009CEE52 /* Resources */,
				E80C10F927B6DAB9009CEE52 /* Configs */,
				E80C10F127B6D3CC009CEE52 /* Extension */,
				E8B075BD27B41565004127BC /* Common */,
				E8B075B927B41517004127BC /* Modules */,
				E8B075B627B411B5004127BC /* Application */,
				E8B075A627B4095E004127BC /* ViewController.swift */,
				E8B075AB27B40960004127BC /* Assets.xcassets */,
				E8B075AD27B40960004127BC /* LaunchScreen.storyboard */,
				E8B075B027B40960004127BC /* Info.plist */,
				E80C110627B6E77F009CEE52 /* Icons.xcassets */,
			);
			path = overload;
			sourceTree = "<group>";
		};
		E8B075B627B411B5004127BC /* Application */ = {
			isa = PBXGroup;
			children = (
				E8B075A227B4095E004127BC /* AppDelegate.swift */,
				E8B075B727B41432004127BC /* Navigator.swift */,
				E8DBB55327B514730044F29C /* Application.swift */,
			);
			path = Application;
			sourceTree = "<group>";
		};
		E8B075B927B41517004127BC /* Modules */ = {
			isa = PBXGroup;
			children = (
				E8B075BB27B41532004127BC /* TabBarViewModel.swift */,
				E8D3B0FC27B534D000071D3E /* TableBarController.swift */,
				E80C10EC27B6986A009CEE52 /* LogWrite */,
				E80C10EB27B69840009CEE52 /* LogRead */,
			);
			path = Modules;
			sourceTree = "<group>";
		};
		E8B075BD27B41565004127BC /* Common */ = {
			isa = PBXGroup;
			children = (
				E8B075BE27B41582004127BC /* ViewModelType.swift */,
				E80C10FD27B6DCB2009CEE52 /* NavigationController.swift */,
			);
			path = Common;
			sourceTree = "<group>";
		};
/* End PBXGroup section */

/* Begin PBXNativeTarget section */
		E8B0759E27B4095E004127BC /* overload */ = {
			isa = PBXNativeTarget;
			buildConfigurationList = E8B075B327B40960004127BC /* Build configuration list for PBXNativeTarget "overload" */;
			buildPhases = (
				224F5DAC54E4D19D3F67C6AD /* [CP] Check Pods Manifest.lock */,
				E8B0759B27B4095E004127BC /* Sources */,
				E8B0759C27B4095E004127BC /* Frameworks */,
				E8B0759D27B4095E004127BC /* Resources */,
				95BB2C3BC5530886541CDAF0 /* [CP] Embed Pods Frameworks */,
			);
			buildRules = (
			);
			dependencies = (
			);
			name = overload;
			productName = overload;
			productReference = E8B0759F27B4095E004127BC /* overload.app */;
			productType = "com.apple.product-type.application";
		};
/* End PBXNativeTarget section */

/* Begin PBXProject section */
		E8B0759727B4095E004127BC /* Project object */ = {
			isa = PBXProject;
			attributes = {
				BuildIndependentTargetsInParallel = 1;
				LastSwiftUpdateCheck = 1320;
				LastUpgradeCheck = 1320;
				TargetAttributes = {
					E8B0759E27B4095E004127BC = {
						CreatedOnToolsVersion = 13.2.1;
					};
				};
			};
			buildConfigurationList = E8B0759A27B4095E004127BC /* Build configuration list for PBXProject "overload" */;
			compatibilityVersion = "Xcode 13.0";
			developmentRegion = en;
			hasScannedForEncodings = 0;
			knownRegions = (
				en,
				Base,
			);
			mainGroup = E8B0759627B4095E004127BC;
			productRefGroup = E8B075A027B4095E004127BC /* Products */;
			projectDirPath = "";
			projectRoot = "";
			targets = (
				E8B0759E27B4095E004127BC /* overload */,
			);
		};
/* End PBXProject section */

/* Begin PBXResourcesBuildPhase section */
		E8B0759D27B4095E004127BC /* Resources */ = {
			isa = PBXResourcesBuildPhase;
			buildActionMask = 2147483647;
			files = (
				E8B075AF27B40960004127BC /* LaunchScreen.storyboard in Resources */,
				E80C110727B6E77F009CEE52 /* Icons.xcassets in Resources */,
				E8B075AC27B40960004127BC /* Assets.xcassets in Resources */,
			);
			runOnlyForDeploymentPostprocessing = 0;
		};
/* End PBXResourcesBuildPhase section */

/* Begin PBXShellScriptBuildPhase section */
		224F5DAC54E4D19D3F67C6AD /* [CP] Check Pods Manifest.lock */ = {
			isa = PBXShellScriptBuildPhase;
			buildActionMask = 2147483647;
			files = (
			);
			inputFileListPaths = (
			);
			inputPaths = (
				"${PODS_PODFILE_DIR_PATH}/Podfile.lock",
				"${PODS_ROOT}/Manifest.lock",
			);
			name = "[CP] Check Pods Manifest.lock";
			outputFileListPaths = (
			);
			outputPaths = (
				"$(DERIVED_FILE_DIR)/Pods-overload-checkManifestLockResult.txt",
			);
			runOnlyForDeploymentPostprocessing = 0;
			shellPath = /bin/sh;
			shellScript = "diff \"${PODS_PODFILE_DIR_PATH}/Podfile.lock\" \"${PODS_ROOT}/Manifest.lock\" > /dev/null\nif [ $? != 0 ] ; then\n    # print error to STDERR\n    echo \"error: The sandbox is not in sync with the Podfile.lock. Run 'pod install' or update your CocoaPods installation.\" >&2\n    exit 1\nfi\n# This output is used by Xcode 'outputs' to avoid re-running this script phase.\necho \"SUCCESS\" > \"${SCRIPT_OUTPUT_FILE_0}\"\n";
			showEnvVarsInLog = 0;
		};
		95BB2C3BC5530886541CDAF0 /* [CP] Embed Pods Frameworks */ = {
			isa = PBXShellScriptBuildPhase;
			buildActionMask = 2147483647;
			files = (
			);
			inputFileListPaths = (
				"${PODS_ROOT}/Target Support Files/Pods-overload/Pods-overload-frameworks-${CONFIGURATION}-input-files.xcfilelist",
			);
			name = "[CP] Embed Pods Frameworks";
			outputFileListPaths = (
				"${PODS_ROOT}/Target Support Files/Pods-overload/Pods-overload-frameworks-${CONFIGURATION}-output-files.xcfilelist",
			);
			runOnlyForDeploymentPostprocessing = 0;
			shellPath = /bin/sh;
			shellScript = "\"${PODS_ROOT}/Target Support Files/Pods-overload/Pods-overload-frameworks.sh\"\n";
			showEnvVarsInLog = 0;
		};
/* End PBXShellScriptBuildPhase section */

/* Begin PBXSourcesBuildPhase section */
		E8B0759B27B4095E004127BC /* Sources */ = {
			isa = PBXSourcesBuildPhase;
			buildActionMask = 2147483647;
			files = (
				E80C10F327B6D3FD009CEE52 /* UIImage+Extention.swift in Sources */,
				E80C10FB27B6DAD1009CEE52 /* Configs.swift in Sources */,
				E80C110027B6E120009CEE52 /* LogWriteViewModel.swift in Sources */,
				E8B075BC27B41532004127BC /* TabBarViewModel.swift in Sources */,
				E80C10F527B6D4B9009CEE52 /* Color.swift in Sources */,
				E8D3B0FD27B534D000071D3E /* TableBarController.swift in Sources */,
				E80C10FE27B6DCB2009CEE52 /* NavigationController.swift in Sources */,
				E8DBB55427B514730044F29C /* Application.swift in Sources */,
				E80C110527B6E674009CEE52 /* R.generated.swift in Sources */,
				E8B075A727B4095E004127BC /* ViewController.swift in Sources */,
				E80C10EE27B69974009CEE52 /* LogWriteController.swift in Sources */,
				E8B075BF27B41582004127BC /* ViewModelType.swift in Sources */,
				E80C110227B6E12B009CEE52 /* LogReadViewModel.swift in Sources */,
				E80C10F827B6D89C009CEE52 /* Observable+Operators.swift in Sources */,
				E8B075B827B41432004127BC /* Navigator.swift in Sources */,
				E80C10F027B699EE009CEE52 /* LogReadController.swift in Sources */,
				E8B075A327B4095E004127BC /* AppDelegate.swift in Sources */,
			);
			runOnlyForDeploymentPostprocessing = 0;
		};
/* End PBXSourcesBuildPhase section */

/* Begin PBXVariantGroup section */
		E8B075AD27B40960004127BC /* LaunchScreen.storyboard */ = {
			isa = PBXVariantGroup;
			children = (
				E8B075AE27B40960004127BC /* Base */,
			);
			name = LaunchScreen.storyboard;
			sourceTree = "<group>";
		};
/* End PBXVariantGroup section */

/* Begin XCBuildConfiguration section */
		E8B075B127B40960004127BC /* Debug */ = {
			isa = XCBuildConfiguration;
			buildSettings = {
				ALWAYS_SEARCH_USER_PATHS = NO;
				CLANG_ANALYZER_NONNULL = YES;
				CLANG_ANALYZER_NUMBER_OBJECT_CONVERSION = YES_AGGRESSIVE;
				CLANG_CXX_LANGUAGE_STANDARD = "gnu++17";
				CLANG_CXX_LIBRARY = "libc++";
				CLANG_ENABLE_MODULES = YES;
				CLANG_ENABLE_OBJC_ARC = YES;
				CLANG_ENABLE_OBJC_WEAK = YES;
				CLANG_WARN_BLOCK_CAPTURE_AUTORELEASING = YES;
				CLANG_WARN_BOOL_CONVERSION = YES;
				CLANG_WARN_COMMA = YES;
				CLANG_WARN_CONSTANT_CONVERSION = YES;
				CLANG_WARN_DEPRECATED_OBJC_IMPLEMENTATIONS = YES;
				CLANG_WARN_DIRECT_OBJC_ISA_USAGE = YES_ERROR;
				CLANG_WARN_DOCUMENTATION_COMMENTS = YES;
				CLANG_WARN_EMPTY_BODY = YES;
				CLANG_WARN_ENUM_CONVERSION = YES;
				CLANG_WARN_INFINITE_RECURSION = YES;
				CLANG_WARN_INT_CONVERSION = YES;
				CLANG_WARN_NON_LITERAL_NULL_CONVERSION = YES;
				CLANG_WARN_OBJC_IMPLICIT_RETAIN_SELF = YES;
				CLANG_WARN_OBJC_LITERAL_CONVERSION = YES;
				CLANG_WARN_OBJC_ROOT_CLASS = YES_ERROR;
				CLANG_WARN_QUOTED_INCLUDE_IN_FRAMEWORK_HEADER = YES;
				CLANG_WARN_RANGE_LOOP_ANALYSIS = YES;
				CLANG_WARN_STRICT_PROTOTYPES = YES;
				CLANG_WARN_SUSPICIOUS_MOVE = YES;
				CLANG_WARN_UNGUARDED_AVAILABILITY = YES_AGGRESSIVE;
				CLANG_WARN_UNREACHABLE_CODE = YES;
				CLANG_WARN__DUPLICATE_METHOD_MATCH = YES;
				COPY_PHASE_STRIP = NO;
				DEBUG_INFORMATION_FORMAT = dwarf;
				ENABLE_STRICT_OBJC_MSGSEND = YES;
				ENABLE_TESTABILITY = YES;
				GCC_C_LANGUAGE_STANDARD = gnu11;
				GCC_DYNAMIC_NO_PIC = NO;
				GCC_NO_COMMON_BLOCKS = YES;
				GCC_OPTIMIZATION_LEVEL = 0;
				GCC_PREPROCESSOR_DEFINITIONS = (
					"DEBUG=1",
					"$(inherited)",
				);
				GCC_WARN_64_TO_32_BIT_CONVERSION = YES;
				GCC_WARN_ABOUT_RETURN_TYPE = YES_ERROR;
				GCC_WARN_UNDECLARED_SELECTOR = YES;
				GCC_WARN_UNINITIALIZED_AUTOS = YES_AGGRESSIVE;
				GCC_WARN_UNUSED_FUNCTION = YES;
				GCC_WARN_UNUSED_VARIABLE = YES;
				IPHONEOS_DEPLOYMENT_TARGET = 12.0;
				MTL_ENABLE_DEBUG_INFO = INCLUDE_SOURCE;
				MTL_FAST_MATH = YES;
				ONLY_ACTIVE_ARCH = YES;
				SDKROOT = iphoneos;
				SWIFT_ACTIVE_COMPILATION_CONDITIONS = DEBUG;
				SWIFT_OPTIMIZATION_LEVEL = "-Onone";
			};
			name = Debug;
		};
		E8B075B227B40960004127BC /* Release */ = {
			isa = XCBuildConfiguration;
			buildSettings = {
				ALWAYS_SEARCH_USER_PATHS = NO;
				CLANG_ANALYZER_NONNULL = YES;
				CLANG_ANALYZER_NUMBER_OBJECT_CONVERSION = YES_AGGRESSIVE;
				CLANG_CXX_LANGUAGE_STANDARD = "gnu++17";
				CLANG_CXX_LIBRARY = "libc++";
				CLANG_ENABLE_MODULES = YES;
				CLANG_ENABLE_OBJC_ARC = YES;
				CLANG_ENABLE_OBJC_WEAK = YES;
				CLANG_WARN_BLOCK_CAPTURE_AUTORELEASING = YES;
				CLANG_WARN_BOOL_CONVERSION = YES;
				CLANG_WARN_COMMA = YES;
				CLANG_WARN_CONSTANT_CONVERSION = YES;
				CLANG_WARN_DEPRECATED_OBJC_IMPLEMENTATIONS = YES;
				CLANG_WARN_DIRECT_OBJC_ISA_USAGE = YES_ERROR;
				CLANG_WARN_DOCUMENTATION_COMMENTS = YES;
				CLANG_WARN_EMPTY_BODY = YES;
				CLANG_WARN_ENUM_CONVERSION = YES;
				CLANG_WARN_INFINITE_RECURSION = YES;
				CLANG_WARN_INT_CONVERSION = YES;
				CLANG_WARN_NON_LITERAL_NULL_CONVERSION = YES;
				CLANG_WARN_OBJC_IMPLICIT_RETAIN_SELF = YES;
				CLANG_WARN_OBJC_LITERAL_CONVERSION = YES;
				CLANG_WARN_OBJC_ROOT_CLASS = YES_ERROR;
				CLANG_WARN_QUOTED_INCLUDE_IN_FRAMEWORK_HEADER = YES;
				CLANG_WARN_RANGE_LOOP_ANALYSIS = YES;
				CLANG_WARN_STRICT_PROTOTYPES = YES;
				CLANG_WARN_SUSPICIOUS_MOVE = YES;
				CLANG_WARN_UNGUARDED_AVAILABILITY = YES_AGGRESSIVE;
				CLANG_WARN_UNREACHABLE_CODE = YES;
				CLANG_WARN__DUPLICATE_METHOD_MATCH = YES;
				COPY_PHASE_STRIP = NO;
				DEBUG_INFORMATION_FORMAT = "dwarf-with-dsym";
				ENABLE_NS_ASSERTIONS = NO;
				ENABLE_STRICT_OBJC_MSGSEND = YES;
				GCC_C_LANGUAGE_STANDARD = gnu11;
				GCC_NO_COMMON_BLOCKS = YES;
				GCC_WARN_64_TO_32_BIT_CONVERSION = YES;
				GCC_WARN_ABOUT_RETURN_TYPE = YES_ERROR;
				GCC_WARN_UNDECLARED_SELECTOR = YES;
				GCC_WARN_UNINITIALIZED_AUTOS = YES_AGGRESSIVE;
				GCC_WARN_UNUSED_FUNCTION = YES;
				GCC_WARN_UNUSED_VARIABLE = YES;
				IPHONEOS_DEPLOYMENT_TARGET = 12.0;
				MTL_ENABLE_DEBUG_INFO = NO;
				MTL_FAST_MATH = YES;
				SDKROOT = iphoneos;
				SWIFT_COMPILATION_MODE = wholemodule;
				SWIFT_OPTIMIZATION_LEVEL = "-O";
				VALIDATE_PRODUCT = YES;
			};
			name = Release;
		};
		E8B075B427B40960004127BC /* Debug */ = {
			isa = XCBuildConfiguration;
			baseConfigurationReference = 02EFBD7EE5471CFEF6B3579C /* Pods-overload.debug.xcconfig */;
			buildSettings = {
				ASSETCATALOG_COMPILER_APPICON_NAME = AppIcon;
				ASSETCATALOG_COMPILER_GLOBAL_ACCENT_COLOR_NAME = AccentColor;
				CODE_SIGN_STYLE = Automatic;
				CURRENT_PROJECT_VERSION = 1;
				DEVELOPMENT_TEAM = YUAGH5DPWX;
				GENERATE_INFOPLIST_FILE = YES;
				INFOPLIST_FILE = overload/Info.plist;
				INFOPLIST_KEY_UIApplicationSupportsIndirectInputEvents = YES;
				INFOPLIST_KEY_UILaunchStoryboardName = LaunchScreen;
				INFOPLIST_KEY_UISupportedInterfaceOrientations_iPad = "UIInterfaceOrientationPortrait UIInterfaceOrientationPortraitUpsideDown UIInterfaceOrientationLandscapeLeft UIInterfaceOrientationLandscapeRight";
				INFOPLIST_KEY_UISupportedInterfaceOrientations_iPhone = "UIInterfaceOrientationPortrait UIInterfaceOrientationLandscapeLeft UIInterfaceOrientationLandscapeRight";
				IPHONEOS_DEPLOYMENT_TARGET = 12.0;
				LD_RUNPATH_SEARCH_PATHS = (
					"$(inherited)",
					"@executable_path/Frameworks",
				);
				MARKETING_VERSION = 1.0;
				PRODUCT_BUNDLE_IDENTIFIER = com.progressive.overload;
				PRODUCT_NAME = "$(TARGET_NAME)";
				SWIFT_EMIT_LOC_STRINGS = YES;
				SWIFT_VERSION = 5.0;
				TARGETED_DEVICE_FAMILY = 1;
			};
			name = Debug;
		};
		E8B075B527B40960004127BC /* Release */ = {
			isa = XCBuildConfiguration;
			baseConfigurationReference = 2152392C060FADAA70C84650 /* Pods-overload.release.xcconfig */;
			buildSettings = {
				ASSETCATALOG_COMPILER_APPICON_NAME = AppIcon;
				ASSETCATALOG_COMPILER_GLOBAL_ACCENT_COLOR_NAME = AccentColor;
				CODE_SIGN_STYLE = Automatic;
				CURRENT_PROJECT_VERSION = 1;
				DEVELOPMENT_TEAM = YUAGH5DPWX;
				GENERATE_INFOPLIST_FILE = YES;
				INFOPLIST_FILE = overload/Info.plist;
				INFOPLIST_KEY_UIApplicationSupportsIndirectInputEvents = YES;
				INFOPLIST_KEY_UILaunchStoryboardName = LaunchScreen;
				INFOPLIST_KEY_UISupportedInterfaceOrientations_iPad = "UIInterfaceOrientationPortrait UIInterfaceOrientationPortraitUpsideDown UIInterfaceOrientationLandscapeLeft UIInterfaceOrientationLandscapeRight";
				INFOPLIST_KEY_UISupportedInterfaceOrientations_iPhone = "UIInterfaceOrientationPortrait UIInterfaceOrientationLandscapeLeft UIInterfaceOrientationLandscapeRight";
				IPHONEOS_DEPLOYMENT_TARGET = 12.0;
				LD_RUNPATH_SEARCH_PATHS = (
					"$(inherited)",
					"@executable_path/Frameworks",
				);
				MARKETING_VERSION = 1.0;
				PRODUCT_BUNDLE_IDENTIFIER = com.progressive.overload;
				PRODUCT_NAME = "$(TARGET_NAME)";
				SWIFT_EMIT_LOC_STRINGS = YES;
				SWIFT_VERSION = 5.0;
				TARGETED_DEVICE_FAMILY = 1;
			};
			name = Release;
		};
/* End XCBuildConfiguration section */

/* Begin XCConfigurationList section */
		E8B0759A27B4095E004127BC /* Build configuration list for PBXProject "overload" */ = {
			isa = XCConfigurationList;
			buildConfigurations = (
				E8B075B127B40960004127BC /* Debug */,
				E8B075B227B40960004127BC /* Release */,
			);
			defaultConfigurationIsVisible = 0;
			defaultConfigurationName = Release;
		};
		E8B075B327B40960004127BC /* Build configuration list for PBXNativeTarget "overload" */ = {
			isa = XCConfigurationList;
			buildConfigurations = (
				E8B075B427B40960004127BC /* Debug */,
				E8B075B527B40960004127BC /* Release */,
			);
			defaultConfigurationIsVisible = 0;
			defaultConfigurationName = Release;
		};
/* End XCConfigurationList section */
	};
	rootObject = E8B0759727B4095E004127BC /* Project object */;
}
